speakeasyVersion: 1.639.3
sources:
    kintsugi-overlay:
        sourceNamespace: kintsugi-overlay
        sourceRevisionDigest: sha256:dab4c8c044a8c42b7ceef8c2cc21447f38604ba50b0270be68f72ab617f645f8
        sourceBlobDigest: sha256:2feda8534752233235ff3fa7b3af51b918f5234ef41058e9c63adca416919c1c
        tags:
            - latest
            - speakeasy-sdk-regen-1761350811
            - 1.0.0
targets:
    php:
        source: kintsugi-overlay
        sourceNamespace: kintsugi-overlay
        sourceRevisionDigest: sha256:dab4c8c044a8c42b7ceef8c2cc21447f38604ba50b0270be68f72ab617f645f8
        sourceBlobDigest: sha256:2feda8534752233235ff3fa7b3af51b918f5234ef41058e9c63adca416919c1c
        codeSamplesNamespace: kintsugi-overlay-php-code-samples
        codeSamplesRevisionDigest: sha256:d2fafa9ff03ce02dbea8e071f13e4edbb499189bcc2e1d8d3ae0d15acc424cdc
workflow:
    workflowVersion: 1.0.0
    speakeasyVersion: latest
    sources:
        kintsugi-overlay:
            inputs:
                - location: https://api-doc.trykintsugi.com/openapi.json
            overlays:
                - location: .speakeasy/speakeasy-modifications-overlay-1.yaml
            output: output.yaml
            registry:
                location: registry.speakeasyapi.dev/kintsugi-ai/tax-platform/kintsugi-overlay
    targets:
        php:
            target: php
            source: kintsugi-overlay
            publish:
                packagist:
                    username: $PACKAGIST_USERNAME
                    token: $PACKAGIST_TOKEN
            codeSamples:
                registry:
                    location: registry.speakeasyapi.dev/kintsugi-ai/tax-platform/kintsugi-overlay-php-code-samples
                labelOverride:
                    fixedValue: PHP (SDK)
                blocking: false
