speakeasyVersion: 1.801.0
sources:
    kintsugi-overlay:
        sourceNamespace: kintsugi-overlay
        sourceRevisionDigest: sha256:f8beaf6723f410b1937d35c6b251e07c8b93751cc0f9512ec6320f40511f520f
        sourceBlobDigest: sha256:42e29a30d92a839a55cff1d07d7837747cdad76eec9e4477faea8382df60c2e9
        tags:
            - latest
            - 1.0.0
targets:
    php:
        source: kintsugi-overlay
        sourceNamespace: kintsugi-overlay
        sourceRevisionDigest: sha256:f8beaf6723f410b1937d35c6b251e07c8b93751cc0f9512ec6320f40511f520f
        sourceBlobDigest: sha256:42e29a30d92a839a55cff1d07d7837747cdad76eec9e4477faea8382df60c2e9
        codeSamplesNamespace: kintsugi-overlay-php-code-samples
        codeSamplesRevisionDigest: sha256:aae016f9c30568ebf635fa5b15ed49f407e7f5e5e728d5892911030e155a9109
workflow:
    workflowVersion: 1.0.0
    speakeasyVersion: latest
    sources:
        kintsugi-overlay:
            inputs:
                - location: https://api-doc.trykintsugi.com/openapi.json
            overlays:
                - location: .speakeasy/speakeasy-modifications-overlay-1.yaml
            output: output.yaml
            registry:
                location: registry.speakeasyapi.dev/kintsugi-ai/tax-platform/kintsugi-overlay
    targets:
        php:
            target: php
            source: kintsugi-overlay
            publish:
                packagist:
                    username: $PACKAGIST_USERNAME
                    token: $PACKAGIST_TOKEN
            codeSamples:
                registry:
                    location: registry.speakeasyapi.dev/kintsugi-ai/tax-platform/kintsugi-overlay-php-code-samples
                labelOverride:
                    fixedValue: PHP (SDK)
                blocking: false
