speakeasyVersion: 1.668.0
sources:
    kintsugi-overlay:
        sourceNamespace: kintsugi-overlay
        sourceRevisionDigest: sha256:949cb14344ede690c3ce9c68ef246136b3c86ead6103e02ad0e747dbc66085aa
        sourceBlobDigest: sha256:0c92dc95815acc9397ace1a32b77f914f4546dd1b8606baa2e8b49963214326e
        tags:
            - latest
            - speakeasy-sdk-regen-1761350811
            - 1.0.0
targets:
    php:
        source: kintsugi-overlay
        sourceNamespace: kintsugi-overlay
        sourceRevisionDigest: sha256:949cb14344ede690c3ce9c68ef246136b3c86ead6103e02ad0e747dbc66085aa
        sourceBlobDigest: sha256:0c92dc95815acc9397ace1a32b77f914f4546dd1b8606baa2e8b49963214326e
        codeSamplesNamespace: kintsugi-overlay-php-code-samples
        codeSamplesRevisionDigest: sha256:55e9b88eca3730e52a2a391d5e8ce3530f14b235b9971816c17d413d279c0fdd
workflow:
    workflowVersion: 1.0.0
    speakeasyVersion: latest
    sources:
        kintsugi-overlay:
            inputs:
                - location: https://api-doc.trykintsugi.com/openapi.json
            overlays:
                - location: .speakeasy/speakeasy-modifications-overlay-1.yaml
            output: output.yaml
            registry:
                location: registry.speakeasyapi.dev/kintsugi-ai/tax-platform/kintsugi-overlay
    targets:
        php:
            target: php
            source: kintsugi-overlay
            publish:
                packagist:
                    username: $PACKAGIST_USERNAME
                    token: $PACKAGIST_TOKEN
            codeSamples:
                registry:
                    location: registry.speakeasyapi.dev/kintsugi-ai/tax-platform/kintsugi-overlay-php-code-samples
                labelOverride:
                    fixedValue: PHP (SDK)
                blocking: false
